
Microsoft Visual Studio Solution File, Format Version 12.00
# Visual Studio Version 16
VisualStudioVersion = 16.0.33027.164
MinimumVisualStudioVersion = 10.0.40219.1
Project("{FAE04EC0-301F-11D3-BF4B-00C04F79EFBC}") = "exec 9", "exec 9.csproj", "{F176A387-3FB6-4131-B9B7-150D39792D07}"
EndProject
Global
	GlobalSection(SolutionConfigurationPlatforms) = preSolution
		Debug|Any CPU = Debug|Any CPU
		Release|Any CPU = Release|Any CPU
	EndGlobalSection
	GlobalSection(ProjectConfigurationPlatforms) = postSolution
		{F176A387-3FB6-4131-B9B7-150D39792D07}.Debug|Any CPU.ActiveCfg = Debug|Any CPU
		{F176A387-3FB6-4131-B9B7-150D39792D07}.Debug|Any CPU.Build.0 = Debug|Any CPU
		{F176A387-3FB6-4131-B9B7-150D39792D07}.Release|Any CPU.ActiveCfg = Release|Any CPU
		{F176A387-3FB6-4131-B9B7-150D39792D07}.Release|Any CPU.Build.0 = Release|Any CPU
	EndGlobalSection
	GlobalSection(SolutionProperties) = preSolution
		HideSolutionNode = FALSE
	EndGlobalSection
	GlobalSection(ExtensibilityGlobals) = postSolution
		SolutionGuid = {5BD45728-5C48-413D-B0D8-0DE3ABFC001B}
	EndGlobalSection
EndGlobal
